<?xml version="1.0" encoding="utf-8"?>
<Project ToolsVersion="4.0" xmlns="http://schemas.microsoft.com/developer/msbuild/2003">
  <ItemGroup>
    <Filter Include="Source Files">
      <UniqueIdentifier>{4FC737F1-C7A5-4376-A066-2A32D752A2FF}</UniqueIdentifier>
      <Extensions>cpp;c;cc;cxx;def;odl;idl;hpj;bat;asm;asmx</Extensions>
    </Filter>
    <Filter Include="Header Files">
      <UniqueIdentifier>{93995380-89BD-4b04-88EB-625FBE52EBFB}</UniqueIdentifier>
      <Extensions>h;hpp;hxx;hm;inl;inc;xsd</Extensions>
    </Filter>
    <Filter Include="Resource Files">
      <UniqueIdentifier>{67DA6AB6-F800-4c08-8B7A-83BB121AAD01}</UniqueIdentifier>
      <Extensions>rc;ico;cur;bmp;dlg;rc2;rct;bin;rgs;gif;jpg;jpeg;jpe;resx;tiff;tif;png;wav</Extensions>
    </Filter>
  </ItemGroup>
  <ItemGroup>
    <ClCompile Include="..\src\assigns.c">
      <Filter>Source Files</Filter>
    </ClCompile>
    <ClCompile Include="..\src\BiModalPattern.cpp">
      <Filter>Source Files</Filter>
    </ClCompile>
    <ClCompile Include="..\src\CostFunc.cpp">
      <Filter>Source Files</Filter>
    </ClCompile>
    <ClCompile Include="..\src\derivs.c">
      <Filter>Source Files</Filter>
    </ClCompile>
    <ClCompile Include="..\src\Excitation_Functions.c">
      <Filter>Source Files</Filter>
    </ClCompile>
    <ClCompile Include="..\src\FileReadWrite.cpp">
      <Filter>Source Files</Filter>
    </ClCompile>
    <ClCompile Include="..\src\formain.c">
      <Filter>Source Files</Filter>
    </ClCompile>
    <ClCompile Include="..\src\GaussPattern.c">
      <Filter>Source Files</Filter>
    </ClCompile>
    <ClCompile Include="..\src\gmc.c">
      <Filter>Source Files</Filter>
    </ClCompile>
    <ClCompile Include="..\src\inits.c">
      <Filter>Source Files</Filter>
    </ClCompile>
    <ClCompile Include="..\src\invert.c">
      <Filter>Source Files</Filter>
    </ClCompile>
    <ClCompile Include="..\src\mathtools.c">
      <Filter>Source Files</Filter>
    </ClCompile>
    <ClCompile Include="..\src\model_d.c">
      <Filter>Source Files</Filter>
    </ClCompile>
    <ClCompile Include="..\src\model_s.c">
      <Filter>Source Files</Filter>
    </ClCompile>
    <ClCompile Include="..\src\pipetools.c">
      <Filter>Source Files</Filter>
    </ClCompile>
    <ClCompile Include="..\src\readmuscles.c">
      <Filter>Source Files</Filter>
    </ClCompile>
    <ClCompile Include="..\src\readtools.c">
      <Filter>Source Files</Filter>
    </ClCompile>
    <ClCompile Include="..\src\sdfor.c">
      <Filter>Source Files</Filter>
    </ClCompile>
    <ClCompile Include="..\src\sdlib.c">
      <Filter>Source Files</Filter>
    </ClCompile>
    <ClCompile Include="..\src\SetExcPattern_Templates.cpp">
      <Filter>Source Files</Filter>
    </ClCompile>
    <ClCompile Include="..\src\SetParamBounds.cpp">
      <Filter>Source Files</Filter>
    </ClCompile>
    <ClCompile Include="..\src\SetStructure.cpp">
      <Filter>Source Files</Filter>
    </ClCompile>
    <ClCompile Include="..\src\Simann.cpp">
      <Filter>Source Files</Filter>
    </ClCompile>
    <ClCompile Include="..\src\UpdatePattern.cpp">
      <Filter>Source Files</Filter>
    </ClCompile>
    <ClCompile Include="..\src\wrapping.c">
      <Filter>Source Files</Filter>
    </ClCompile>
    <ClCompile Include="..\src\formain_ga.c">
      <Filter>Source Files</Filter>
    </ClCompile>
    <ClCompile Include="..\src\ga_i.cpp">
      <Filter>Source Files</Filter>
    </ClCompile>
    <ClCompile Include="..\src\ga_pop.cpp">
      <Filter>Source Files</Filter>
    </ClCompile>
    <ClCompile Include="..\src\ga_main.cpp">
      <Filter>Source Files</Filter>
    </ClCompile>
  </ItemGroup>
  <ItemGroup>
    <ClInclude Include="..\src\basic.h">
      <Filter>Header Files</Filter>
    </ClInclude>
    <ClInclude Include="..\src\ExcGroups.h">
      <Filter>Header Files</Filter>
    </ClInclude>
    <ClInclude Include="..\src\functions.h">
      <Filter>Header Files</Filter>
    </ClInclude>
    <ClInclude Include="..\src\macros.h">
      <Filter>Header Files</Filter>
    </ClInclude>
    <ClInclude Include="..\src\mathtools.h">
      <Filter>Header Files</Filter>
    </ClInclude>
    <ClInclude Include="..\src\SA.h">
      <Filter>Header Files</Filter>
    </ClInclude>
    <ClInclude Include="..\src\SAstructs.h">
      <Filter>Header Files</Filter>
    </ClInclude>
    <ClInclude Include="..\src\structs.h">
      <Filter>Header Files</Filter>
    </ClInclude>
    <ClInclude Include="..\src\system_params.h">
      <Filter>Header Files</Filter>
    </ClInclude>
    <ClInclude Include="..\src\universal.h">
      <Filter>Header Files</Filter>
    </ClInclude>
    <ClInclude Include="..\src\ga_i.h">
      <Filter>Header Files</Filter>
    </ClInclude>
    <ClInclude Include="..\src\ga_pop.h">
      <Filter>Header Files</Filter>
    </ClInclude>
    <ClInclude Include="..\src\ga_main.h">
      <Filter>Header Files</Filter>
    </ClInclude>
  </ItemGroup>
</Project>